
Microsoft Visual Studio Solution File, Format Version 12.00
# Visual Studio Version 17
VisualStudioVersion = 17.4.33213.308
MinimumVisualStudioVersion = 10.0.40219.1
Project("{FAE04EC0-301F-11D3-BF4B-00C04F79EFBC}") = "Rura", "Rura.csproj", "{A2FDDEEB-0F78-414E-B5F8-A46893F241E3}"
EndProject
Global
	GlobalSection(SolutionConfigurationPlatforms) = preSolution
		Debug|Any CPU = Debug|Any CPU
		Release|Any CPU = Release|Any CPU
	EndGlobalSection
	GlobalSection(ProjectConfigurationPlatforms) = postSolution
		{A2FDDEEB-0F78-414E-B5F8-A46893F241E3}.Debug|Any CPU.ActiveCfg = Debug|Any CPU
		{A2FDDEEB-0F78-414E-B5F8-A46893F241E3}.Debug|Any CPU.Build.0 = Debug|Any CPU
		{A2FDDEEB-0F78-414E-B5F8-A46893F241E3}.Release|Any CPU.ActiveCfg = Release|Any CPU
		{A2FDDEEB-0F78-414E-B5F8-A46893F241E3}.Release|Any CPU.Build.0 = Release|Any CPU
	EndGlobalSection
	GlobalSection(SolutionProperties) = preSolution
		HideSolutionNode = FALSE
	EndGlobalSection
	GlobalSection(ExtensibilityGlobals) = postSolution
		SolutionGuid = {0F2B6798-4AD3-4309-BED2-D7F2077558ED}
	EndGlobalSection
EndGlobal
